
Microsoft Visual Studio Solution File, Format Version 12.00
# Visual Studio Version 17
VisualStudioVersion = 17.7.34003.232
MinimumVisualStudioVersion = 10.0.40219.1
Project("{9A19103F-16F7-4668-BE54-9A1E7A4F7556}") = "TodoList", "TodoList\TodoList.csproj", "{077D3C79-60D3-436E-B9C2-8AE5809B4F73}"
EndProject
Project("{9A19103F-16F7-4668-BE54-9A1E7A4F7556}") = "Calculator", "Calculator\Calculator.csproj", "{84258153-10C3-4997-824F-2BDA8E8B407C}"
EndProject
Project("{FAE04EC0-301F-11D3-BF4B-00C04F79EFBC}") = "Arrays", "Arrays\Arrays.csproj", "{910C5305-5AFE-40DD-975C-D1EC13841089}"
EndProject
Global
	GlobalSection(SolutionConfigurationPlatforms) = preSolution
		Debug|Any CPU = Debug|Any CPU
		Release|Any CPU = Release|Any CPU
	EndGlobalSection
	GlobalSection(ProjectConfigurationPlatforms) = postSolution
		{077D3C79-60D3-436E-B9C2-8AE5809B4F73}.Debug|Any CPU.ActiveCfg = Debug|Any CPU
		{077D3C79-60D3-436E-B9C2-8AE5809B4F73}.Debug|Any CPU.Build.0 = Debug|Any CPU
		{077D3C79-60D3-436E-B9C2-8AE5809B4F73}.Release|Any CPU.ActiveCfg = Release|Any CPU
		{077D3C79-60D3-436E-B9C2-8AE5809B4F73}.Release|Any CPU.Build.0 = Release|Any CPU
		{84258153-10C3-4997-824F-2BDA8E8B407C}.Debug|Any CPU.ActiveCfg = Debug|Any CPU
		{84258153-10C3-4997-824F-2BDA8E8B407C}.Debug|Any CPU.Build.0 = Debug|Any CPU
		{84258153-10C3-4997-824F-2BDA8E8B407C}.Release|Any CPU.ActiveCfg = Release|Any CPU
		{84258153-10C3-4997-824F-2BDA8E8B407C}.Release|Any CPU.Build.0 = Release|Any CPU
		{910C5305-5AFE-40DD-975C-D1EC13841089}.Debug|Any CPU.ActiveCfg = Debug|Any CPU
		{910C5305-5AFE-40DD-975C-D1EC13841089}.Debug|Any CPU.Build.0 = Debug|Any CPU
		{910C5305-5AFE-40DD-975C-D1EC13841089}.Release|Any CPU.ActiveCfg = Release|Any CPU
		{910C5305-5AFE-40DD-975C-D1EC13841089}.Release|Any CPU.Build.0 = Release|Any CPU
	EndGlobalSection
	GlobalSection(SolutionProperties) = preSolution
		HideSolutionNode = FALSE
	EndGlobalSection
	GlobalSection(ExtensibilityGlobals) = postSolution
		SolutionGuid = {2DF7BF3F-C780-45E6-9D36-2226BDFBA290}
	EndGlobalSection
EndGlobal
